
Microsoft Visual Studio Solution File, Format Version 12.00
# Visual Studio Version 16
VisualStudioVersion = 16.0.31019.35
MinimumVisualStudioVersion = 10.0.40219.1
Project("{9A19103F-16F7-4668-BE54-9A1E7A4F7556}") = "AutomataConstructor", "AutomataConstructor\AutomataConstructor.csproj", "{68F48761-5158-4493-99EF-30FFC3090D15}"
EndProject
Project("{FAE04EC0-301F-11D3-BF4B-00C04F79EFBC}") = "ControlsLibrary", "ControlsLibrary\ControlsLibrary.csproj", "{ADDE8E8F-851C-4788-BBF1-674F85D42525}"
EndProject
Global
	GlobalSection(SolutionConfigurationPlatforms) = preSolution
		Debug|Any CPU = Debug|Any CPU
		Release|Any CPU = Release|Any CPU
	EndGlobalSection
	GlobalSection(ProjectConfigurationPlatforms) = postSolution
		{68F48761-5158-4493-99EF-30FFC3090D15}.Debug|Any CPU.ActiveCfg = Debug|Any CPU
		{68F48761-5158-4493-99EF-30FFC3090D15}.Debug|Any CPU.Build.0 = Debug|Any CPU
		{68F48761-5158-4493-99EF-30FFC3090D15}.Release|Any CPU.ActiveCfg = Release|Any CPU
		{68F48761-5158-4493-99EF-30FFC3090D15}.Release|Any CPU.Build.0 = Release|Any CPU
		{ADDE8E8F-851C-4788-BBF1-674F85D42525}.Debug|Any CPU.ActiveCfg = Debug|Any CPU
		{ADDE8E8F-851C-4788-BBF1-674F85D42525}.Debug|Any CPU.Build.0 = Debug|Any CPU
		{ADDE8E8F-851C-4788-BBF1-674F85D42525}.Release|Any CPU.ActiveCfg = Release|Any CPU
		{ADDE8E8F-851C-4788-BBF1-674F85D42525}.Release|Any CPU.Build.0 = Release|Any CPU
	EndGlobalSection
	GlobalSection(SolutionProperties) = preSolution
		HideSolutionNode = FALSE
	EndGlobalSection
	GlobalSection(ExtensibilityGlobals) = postSolution
		SolutionGuid = {9D1C69E1-7849-4A94-9106-2A1000FC0A7C}
	EndGlobalSection
EndGlobal
