
Microsoft Visual Studio Solution File, Format Version 12.00
# Visual Studio Version 16
VisualStudioVersion = 16.0.31019.35
MinimumVisualStudioVersion = 10.0.40219.1
Project("{FAE04EC0-301F-11D3-BF4B-00C04F79EFBC}") = "AutomataConstructor", "AutomataConstructor.csproj", "{3BE9793D-4641-45B7-80F4-21177AFF92E4}"
EndProject
Project("{9A19103F-16F7-4668-BE54-9A1E7A4F7556}") = "AutomataConstructor.Core", "..\AutomataConstructor.Core\AutomataConstructor.Core.csproj", "{E062B5EB-CB91-42C7-A436-4A22C81DC33A}"
EndProject
Project("{9A19103F-16F7-4668-BE54-9A1E7A4F7556}") = "AutomataConstructor.Core.Tests.NUnit", "..\AutomataConstructor.Core.Tests.NUnit\AutomataConstructor.Core.Tests.NUnit.csproj", "{9AE44344-1700-465B-A3CD-1FBB184C167A}"
EndProject
Global
	GlobalSection(SolutionConfigurationPlatforms) = preSolution
		Debug|Any CPU = Debug|Any CPU
		Debug|ARM = Debug|ARM
		Debug|ARM64 = Debug|ARM64
		Debug|x64 = Debug|x64
		Debug|x86 = Debug|x86
		Release|Any CPU = Release|Any CPU
		Release|ARM = Release|ARM
		Release|ARM64 = Release|ARM64
		Release|x64 = Release|x64
		Release|x86 = Release|x86
	EndGlobalSection
	GlobalSection(ProjectConfigurationPlatforms) = postSolution
		{3BE9793D-4641-45B7-80F4-21177AFF92E4}.Debug|Any CPU.ActiveCfg = Debug|x86
		{3BE9793D-4641-45B7-80F4-21177AFF92E4}.Debug|ARM.ActiveCfg = Debug|ARM
		{3BE9793D-4641-45B7-80F4-21177AFF92E4}.Debug|ARM.Build.0 = Debug|ARM
		{3BE9793D-4641-45B7-80F4-21177AFF92E4}.Debug|ARM.Deploy.0 = Debug|ARM
		{3BE9793D-4641-45B7-80F4-21177AFF92E4}.Debug|ARM64.ActiveCfg = Debug|ARM64
		{3BE9793D-4641-45B7-80F4-21177AFF92E4}.Debug|ARM64.Build.0 = Debug|ARM64
		{3BE9793D-4641-45B7-80F4-21177AFF92E4}.Debug|ARM64.Deploy.0 = Debug|ARM64
		{3BE9793D-4641-45B7-80F4-21177AFF92E4}.Debug|x64.ActiveCfg = Debug|x64
		{3BE9793D-4641-45B7-80F4-21177AFF92E4}.Debug|x64.Build.0 = Debug|x64
		{3BE9793D-4641-45B7-80F4-21177AFF92E4}.Debug|x64.Deploy.0 = Debug|x64
		{3BE9793D-4641-45B7-80F4-21177AFF92E4}.Debug|x86.ActiveCfg = Debug|x86
		{3BE9793D-4641-45B7-80F4-21177AFF92E4}.Debug|x86.Build.0 = Debug|x86
		{3BE9793D-4641-45B7-80F4-21177AFF92E4}.Debug|x86.Deploy.0 = Debug|x86
		{3BE9793D-4641-45B7-80F4-21177AFF92E4}.Release|Any CPU.ActiveCfg = Release|x86
		{3BE9793D-4641-45B7-80F4-21177AFF92E4}.Release|ARM.ActiveCfg = Release|ARM
		{3BE9793D-4641-45B7-80F4-21177AFF92E4}.Release|ARM.Build.0 = Release|ARM
		{3BE9793D-4641-45B7-80F4-21177AFF92E4}.Release|ARM.Deploy.0 = Release|ARM
		{3BE9793D-4641-45B7-80F4-21177AFF92E4}.Release|ARM64.ActiveCfg = Release|ARM64
		{3BE9793D-4641-45B7-80F4-21177AFF92E4}.Release|ARM64.Build.0 = Release|ARM64
		{3BE9793D-4641-45B7-80F4-21177AFF92E4}.Release|ARM64.Deploy.0 = Release|ARM64
		{3BE9793D-4641-45B7-80F4-21177AFF92E4}.Release|x64.ActiveCfg = Release|x64
		{3BE9793D-4641-45B7-80F4-21177AFF92E4}.Release|x64.Build.0 = Release|x64
		{3BE9793D-4641-45B7-80F4-21177AFF92E4}.Release|x64.Deploy.0 = Release|x64
		{3BE9793D-4641-45B7-80F4-21177AFF92E4}.Release|x86.ActiveCfg = Release|x86
		{3BE9793D-4641-45B7-80F4-21177AFF92E4}.Release|x86.Build.0 = Release|x86
		{3BE9793D-4641-45B7-80F4-21177AFF92E4}.Release|x86.Deploy.0 = Release|x86
		{E062B5EB-CB91-42C7-A436-4A22C81DC33A}.Debug|Any CPU.ActiveCfg = Debug|Any CPU
		{E062B5EB-CB91-42C7-A436-4A22C81DC33A}.Debug|Any CPU.Build.0 = Debug|Any CPU
		{E062B5EB-CB91-42C7-A436-4A22C81DC33A}.Debug|ARM.ActiveCfg = Debug|Any CPU
		{E062B5EB-CB91-42C7-A436-4A22C81DC33A}.Debug|ARM.Build.0 = Debug|Any CPU
		{E062B5EB-CB91-42C7-A436-4A22C81DC33A}.Debug|ARM64.ActiveCfg = Debug|Any CPU
		{E062B5EB-CB91-42C7-A436-4A22C81DC33A}.Debug|ARM64.Build.0 = Debug|Any CPU
		{E062B5EB-CB91-42C7-A436-4A22C81DC33A}.Debug|x64.ActiveCfg = Debug|Any CPU
		{E062B5EB-CB91-42C7-A436-4A22C81DC33A}.Debug|x64.Build.0 = Debug|Any CPU
		{E062B5EB-CB91-42C7-A436-4A22C81DC33A}.Debug|x86.ActiveCfg = Debug|Any CPU
		{E062B5EB-CB91-42C7-A436-4A22C81DC33A}.Debug|x86.Build.0 = Debug|Any CPU
		{E062B5EB-CB91-42C7-A436-4A22C81DC33A}.Release|Any CPU.ActiveCfg = Release|Any CPU
		{E062B5EB-CB91-42C7-A436-4A22C81DC33A}.Release|Any CPU.Build.0 = Release|Any CPU
		{E062B5EB-CB91-42C7-A436-4A22C81DC33A}.Release|ARM.ActiveCfg = Release|Any CPU
		{E062B5EB-CB91-42C7-A436-4A22C81DC33A}.Release|ARM.Build.0 = Release|Any CPU
		{E062B5EB-CB91-42C7-A436-4A22C81DC33A}.Release|ARM64.ActiveCfg = Release|Any CPU
		{E062B5EB-CB91-42C7-A436-4A22C81DC33A}.Release|ARM64.Build.0 = Release|Any CPU
		{E062B5EB-CB91-42C7-A436-4A22C81DC33A}.Release|x64.ActiveCfg = Release|Any CPU
		{E062B5EB-CB91-42C7-A436-4A22C81DC33A}.Release|x64.Build.0 = Release|Any CPU
		{E062B5EB-CB91-42C7-A436-4A22C81DC33A}.Release|x86.ActiveCfg = Release|Any CPU
		{E062B5EB-CB91-42C7-A436-4A22C81DC33A}.Release|x86.Build.0 = Release|Any CPU
		{9AE44344-1700-465B-A3CD-1FBB184C167A}.Debug|Any CPU.ActiveCfg = Debug|Any CPU
		{9AE44344-1700-465B-A3CD-1FBB184C167A}.Debug|Any CPU.Build.0 = Debug|Any CPU
		{9AE44344-1700-465B-A3CD-1FBB184C167A}.Debug|ARM.ActiveCfg = Debug|Any CPU
		{9AE44344-1700-465B-A3CD-1FBB184C167A}.Debug|ARM.Build.0 = Debug|Any CPU
		{9AE44344-1700-465B-A3CD-1FBB184C167A}.Debug|ARM64.ActiveCfg = Debug|Any CPU
		{9AE44344-1700-465B-A3CD-1FBB184C167A}.Debug|ARM64.Build.0 = Debug|Any CPU
		{9AE44344-1700-465B-A3CD-1FBB184C167A}.Debug|x64.ActiveCfg = Debug|Any CPU
		{9AE44344-1700-465B-A3CD-1FBB184C167A}.Debug|x64.Build.0 = Debug|Any CPU
		{9AE44344-1700-465B-A3CD-1FBB184C167A}.Debug|x86.ActiveCfg = Debug|Any CPU
		{9AE44344-1700-465B-A3CD-1FBB184C167A}.Debug|x86.Build.0 = Debug|Any CPU
		{9AE44344-1700-465B-A3CD-1FBB184C167A}.Release|Any CPU.ActiveCfg = Release|Any CPU
		{9AE44344-1700-465B-A3CD-1FBB184C167A}.Release|Any CPU.Build.0 = Release|Any CPU
		{9AE44344-1700-465B-A3CD-1FBB184C167A}.Release|ARM.ActiveCfg = Release|Any CPU
		{9AE44344-1700-465B-A3CD-1FBB184C167A}.Release|ARM.Build.0 = Release|Any CPU
		{9AE44344-1700-465B-A3CD-1FBB184C167A}.Release|ARM64.ActiveCfg = Release|Any CPU
		{9AE44344-1700-465B-A3CD-1FBB184C167A}.Release|ARM64.Build.0 = Release|Any CPU
		{9AE44344-1700-465B-A3CD-1FBB184C167A}.Release|x64.ActiveCfg = Release|Any CPU
		{9AE44344-1700-465B-A3CD-1FBB184C167A}.Release|x64.Build.0 = Release|Any CPU
		{9AE44344-1700-465B-A3CD-1FBB184C167A}.Release|x86.ActiveCfg = Release|Any CPU
		{9AE44344-1700-465B-A3CD-1FBB184C167A}.Release|x86.Build.0 = Release|Any CPU
	EndGlobalSection
	GlobalSection(SolutionProperties) = preSolution
		HideSolutionNode = FALSE
	EndGlobalSection
	GlobalSection(ExtensibilityGlobals) = postSolution
		SolutionGuid = {C7686191-76F4-4BE0-9F9C-DEC717DC554F}
	EndGlobalSection
EndGlobal
