
Microsoft Visual Studio Solution File, Format Version 12.00
# Visual Studio Version 16
VisualStudioVersion = 16.0.31019.35
MinimumVisualStudioVersion = 10.0.40219.1
Project("{FAE04EC0-301F-11D3-BF4B-00C04F79EFBC}") = "AutomataConstructor", "AutomataConstructor.csproj", "{4FA17431-5F2B-497D-9664-FF9F0F36F577}"
EndProject
Project("{9A19103F-16F7-4668-BE54-9A1E7A4F7556}") = "AutomataConstructor.Core", "..\AutomataConstructor.Core\AutomataConstructor.Core.csproj", "{4DACC834-4132-4381-9250-05D385BEE956}"
EndProject
Project("{9A19103F-16F7-4668-BE54-9A1E7A4F7556}") = "AutomataConstructor.Core.Tests.NUnit", "..\AutomataConstructor.Core.Tests.NUnit\AutomataConstructor.Core.Tests.NUnit.csproj", "{0E282312-4489-4A01-8271-3FECBCCB03BE}"
EndProject
Global
	GlobalSection(SolutionConfigurationPlatforms) = preSolution
		Debug|Any CPU = Debug|Any CPU
		Debug|ARM = Debug|ARM
		Debug|ARM64 = Debug|ARM64
		Debug|x64 = Debug|x64
		Debug|x86 = Debug|x86
		Release|Any CPU = Release|Any CPU
		Release|ARM = Release|ARM
		Release|ARM64 = Release|ARM64
		Release|x64 = Release|x64
		Release|x86 = Release|x86
	EndGlobalSection
	GlobalSection(ProjectConfigurationPlatforms) = postSolution
		{4FA17431-5F2B-497D-9664-FF9F0F36F577}.Debug|Any CPU.ActiveCfg = Debug|x86
		{4FA17431-5F2B-497D-9664-FF9F0F36F577}.Debug|ARM.ActiveCfg = Debug|ARM
		{4FA17431-5F2B-497D-9664-FF9F0F36F577}.Debug|ARM.Build.0 = Debug|ARM
		{4FA17431-5F2B-497D-9664-FF9F0F36F577}.Debug|ARM.Deploy.0 = Debug|ARM
		{4FA17431-5F2B-497D-9664-FF9F0F36F577}.Debug|ARM64.ActiveCfg = Debug|ARM64
		{4FA17431-5F2B-497D-9664-FF9F0F36F577}.Debug|ARM64.Build.0 = Debug|ARM64
		{4FA17431-5F2B-497D-9664-FF9F0F36F577}.Debug|ARM64.Deploy.0 = Debug|ARM64
		{4FA17431-5F2B-497D-9664-FF9F0F36F577}.Debug|x64.ActiveCfg = Debug|x64
		{4FA17431-5F2B-497D-9664-FF9F0F36F577}.Debug|x64.Build.0 = Debug|x64
		{4FA17431-5F2B-497D-9664-FF9F0F36F577}.Debug|x64.Deploy.0 = Debug|x64
		{4FA17431-5F2B-497D-9664-FF9F0F36F577}.Debug|x86.ActiveCfg = Debug|x86
		{4FA17431-5F2B-497D-9664-FF9F0F36F577}.Debug|x86.Build.0 = Debug|x86
		{4FA17431-5F2B-497D-9664-FF9F0F36F577}.Debug|x86.Deploy.0 = Debug|x86
		{4FA17431-5F2B-497D-9664-FF9F0F36F577}.Release|Any CPU.ActiveCfg = Release|x86
		{4FA17431-5F2B-497D-9664-FF9F0F36F577}.Release|ARM.ActiveCfg = Release|ARM
		{4FA17431-5F2B-497D-9664-FF9F0F36F577}.Release|ARM.Build.0 = Release|ARM
		{4FA17431-5F2B-497D-9664-FF9F0F36F577}.Release|ARM.Deploy.0 = Release|ARM
		{4FA17431-5F2B-497D-9664-FF9F0F36F577}.Release|ARM64.ActiveCfg = Release|ARM64
		{4FA17431-5F2B-497D-9664-FF9F0F36F577}.Release|ARM64.Build.0 = Release|ARM64
		{4FA17431-5F2B-497D-9664-FF9F0F36F577}.Release|ARM64.Deploy.0 = Release|ARM64
		{4FA17431-5F2B-497D-9664-FF9F0F36F577}.Release|x64.ActiveCfg = Release|x64
		{4FA17431-5F2B-497D-9664-FF9F0F36F577}.Release|x64.Build.0 = Release|x64
		{4FA17431-5F2B-497D-9664-FF9F0F36F577}.Release|x64.Deploy.0 = Release|x64
		{4FA17431-5F2B-497D-9664-FF9F0F36F577}.Release|x86.ActiveCfg = Release|x86
		{4FA17431-5F2B-497D-9664-FF9F0F36F577}.Release|x86.Build.0 = Release|x86
		{4FA17431-5F2B-497D-9664-FF9F0F36F577}.Release|x86.Deploy.0 = Release|x86
		{4DACC834-4132-4381-9250-05D385BEE956}.Debug|Any CPU.ActiveCfg = Debug|Any CPU
		{4DACC834-4132-4381-9250-05D385BEE956}.Debug|Any CPU.Build.0 = Debug|Any CPU
		{4DACC834-4132-4381-9250-05D385BEE956}.Debug|ARM.ActiveCfg = Debug|Any CPU
		{4DACC834-4132-4381-9250-05D385BEE956}.Debug|ARM.Build.0 = Debug|Any CPU
		{4DACC834-4132-4381-9250-05D385BEE956}.Debug|ARM64.ActiveCfg = Debug|Any CPU
		{4DACC834-4132-4381-9250-05D385BEE956}.Debug|ARM64.Build.0 = Debug|Any CPU
		{4DACC834-4132-4381-9250-05D385BEE956}.Debug|x64.ActiveCfg = Debug|Any CPU
		{4DACC834-4132-4381-9250-05D385BEE956}.Debug|x64.Build.0 = Debug|Any CPU
		{4DACC834-4132-4381-9250-05D385BEE956}.Debug|x86.ActiveCfg = Debug|Any CPU
		{4DACC834-4132-4381-9250-05D385BEE956}.Debug|x86.Build.0 = Debug|Any CPU
		{4DACC834-4132-4381-9250-05D385BEE956}.Release|Any CPU.ActiveCfg = Release|Any CPU
		{4DACC834-4132-4381-9250-05D385BEE956}.Release|Any CPU.Build.0 = Release|Any CPU
		{4DACC834-4132-4381-9250-05D385BEE956}.Release|ARM.ActiveCfg = Release|Any CPU
		{4DACC834-4132-4381-9250-05D385BEE956}.Release|ARM.Build.0 = Release|Any CPU
		{4DACC834-4132-4381-9250-05D385BEE956}.Release|ARM64.ActiveCfg = Release|Any CPU
		{4DACC834-4132-4381-9250-05D385BEE956}.Release|ARM64.Build.0 = Release|Any CPU
		{4DACC834-4132-4381-9250-05D385BEE956}.Release|x64.ActiveCfg = Release|Any CPU
		{4DACC834-4132-4381-9250-05D385BEE956}.Release|x64.Build.0 = Release|Any CPU
		{4DACC834-4132-4381-9250-05D385BEE956}.Release|x86.ActiveCfg = Release|Any CPU
		{4DACC834-4132-4381-9250-05D385BEE956}.Release|x86.Build.0 = Release|Any CPU
		{0E282312-4489-4A01-8271-3FECBCCB03BE}.Debug|Any CPU.ActiveCfg = Debug|Any CPU
		{0E282312-4489-4A01-8271-3FECBCCB03BE}.Debug|Any CPU.Build.0 = Debug|Any CPU
		{0E282312-4489-4A01-8271-3FECBCCB03BE}.Debug|ARM.ActiveCfg = Debug|Any CPU
		{0E282312-4489-4A01-8271-3FECBCCB03BE}.Debug|ARM.Build.0 = Debug|Any CPU
		{0E282312-4489-4A01-8271-3FECBCCB03BE}.Debug|ARM64.ActiveCfg = Debug|Any CPU
		{0E282312-4489-4A01-8271-3FECBCCB03BE}.Debug|ARM64.Build.0 = Debug|Any CPU
		{0E282312-4489-4A01-8271-3FECBCCB03BE}.Debug|x64.ActiveCfg = Debug|Any CPU
		{0E282312-4489-4A01-8271-3FECBCCB03BE}.Debug|x64.Build.0 = Debug|Any CPU
		{0E282312-4489-4A01-8271-3FECBCCB03BE}.Debug|x86.ActiveCfg = Debug|Any CPU
		{0E282312-4489-4A01-8271-3FECBCCB03BE}.Debug|x86.Build.0 = Debug|Any CPU
		{0E282312-4489-4A01-8271-3FECBCCB03BE}.Release|Any CPU.ActiveCfg = Release|Any CPU
		{0E282312-4489-4A01-8271-3FECBCCB03BE}.Release|Any CPU.Build.0 = Release|Any CPU
		{0E282312-4489-4A01-8271-3FECBCCB03BE}.Release|ARM.ActiveCfg = Release|Any CPU
		{0E282312-4489-4A01-8271-3FECBCCB03BE}.Release|ARM.Build.0 = Release|Any CPU
		{0E282312-4489-4A01-8271-3FECBCCB03BE}.Release|ARM64.ActiveCfg = Release|Any CPU
		{0E282312-4489-4A01-8271-3FECBCCB03BE}.Release|ARM64.Build.0 = Release|Any CPU
		{0E282312-4489-4A01-8271-3FECBCCB03BE}.Release|x64.ActiveCfg = Release|Any CPU
		{0E282312-4489-4A01-8271-3FECBCCB03BE}.Release|x64.Build.0 = Release|Any CPU
		{0E282312-4489-4A01-8271-3FECBCCB03BE}.Release|x86.ActiveCfg = Release|Any CPU
		{0E282312-4489-4A01-8271-3FECBCCB03BE}.Release|x86.Build.0 = Release|Any CPU
	EndGlobalSection
	GlobalSection(SolutionProperties) = preSolution
		HideSolutionNode = FALSE
	EndGlobalSection
	GlobalSection(ExtensibilityGlobals) = postSolution
		SolutionGuid = {BCFE7A9D-EDA7-4920-943E-80152A9E6146}
	EndGlobalSection
EndGlobal
